
Microsoft Visual Studio Solution File, Format Version 11.00
# Visual Studio 2010
Project("{FAE04EC0-301F-11D3-BF4B-00C04F79EFBC}") = "SPInfoPathList", "SPInfoPathList\SPInfoPathList.csproj", "{CBE84D3A-4536-4DF1-BFF2-C00C2544B021}"
EndProject
Project("{FAE04EC0-301F-11D3-BF4B-00C04F79EFBC}") = "SPInfoPathList.Web", "SPInfoPathList.Web\SPInfoPathList.Web.csproj", "{785A6172-0B6F-466F-9DE7-5B8800B83B8A}"
EndProject
Global
	GlobalSection(SolutionConfigurationPlatforms) = preSolution
		Debug|Any CPU = Debug|Any CPU
		Release|Any CPU = Release|Any CPU
	EndGlobalSection
	GlobalSection(ProjectConfigurationPlatforms) = postSolution
		{CBE84D3A-4536-4DF1-BFF2-C00C2544B021}.Debug|Any CPU.ActiveCfg = Debug|Any CPU
		{CBE84D3A-4536-4DF1-BFF2-C00C2544B021}.Debug|Any CPU.Build.0 = Debug|Any CPU
		{CBE84D3A-4536-4DF1-BFF2-C00C2544B021}.Release|Any CPU.ActiveCfg = Release|Any CPU
		{CBE84D3A-4536-4DF1-BFF2-C00C2544B021}.Release|Any CPU.Build.0 = Release|Any CPU
		{785A6172-0B6F-466F-9DE7-5B8800B83B8A}.Debug|Any CPU.ActiveCfg = Debug|Any CPU
		{785A6172-0B6F-466F-9DE7-5B8800B83B8A}.Debug|Any CPU.Build.0 = Debug|Any CPU
		{785A6172-0B6F-466F-9DE7-5B8800B83B8A}.Release|Any CPU.ActiveCfg = Release|Any CPU
		{785A6172-0B6F-466F-9DE7-5B8800B83B8A}.Release|Any CPU.Build.0 = Release|Any CPU
	EndGlobalSection
	GlobalSection(SolutionProperties) = preSolution
		HideSolutionNode = FALSE
	EndGlobalSection
EndGlobal
